
Microsoft Visual Studio Solution File, Format Version 12.00
# Visual Studio Version 17
VisualStudioVersion = 17.11.35312.102
MinimumVisualStudioVersion = 10.0.40219.1
Project("{9A19103F-16F7-4668-BE54-9A1E7A4F7556}") = "ConversionService.Api", "src\ConversionService.Api\ConversionService.Api.csproj", "{F9B4D74C-F770-43CA-B4AF-46D831F6561B}"
EndProject
Project("{9A19103F-16F7-4668-BE54-9A1E7A4F7556}") = "ConversionService.Application", "src\ConversionService.Application\ConversionService.Application.csproj", "{2062B76D-1C20-456D-ADDD-60B762098226}"
EndProject
Project("{9A19103F-16F7-4668-BE54-9A1E7A4F7556}") = "ConversionService.Domain", "src\ConversionService.Domain\ConversionService.Domain.csproj", "{F87157D3-F6D1-4575-B40F-8BCC5CEAD5B0}"
EndProject
Project("{9A19103F-16F7-4668-BE54-9A1E7A4F7556}") = "ConversionService.Publisher", "tools\ConversionService.Publisher\ConversionService.Publisher.csproj", "{B4956542-4F4E-4E59-AB67-D268985BD099}"
EndProject
Project("{FAE04EC0-301F-11D3-BF4B-00C04F79EFBC}") = "ConversionService.Infrastructure", "src\ConversionService.Infrastructure\ConversionService.Infrastructure.csproj", "{877911F4-C751-4429-9B78-0742DBD0360D}"
EndProject
Project("{FAE04EC0-301F-11D3-BF4B-00C04F79EFBC}") = "ConversionService.UnitTests", "tests\ConversionService.UnitTests\ConversionService.UnitTests.csproj", "{9D3F1DDF-7AEB-4FB8-A3EF-2537CDAE2166}"
EndProject
Global
	GlobalSection(SolutionConfigurationPlatforms) = preSolution
		Debug|Any CPU = Debug|Any CPU
		Release|Any CPU = Release|Any CPU
	EndGlobalSection
	GlobalSection(ProjectConfigurationPlatforms) = postSolution
		{F9B4D74C-F770-43CA-B4AF-46D831F6561B}.Debug|Any CPU.ActiveCfg = Debug|Any CPU
		{F9B4D74C-F770-43CA-B4AF-46D831F6561B}.Debug|Any CPU.Build.0 = Debug|Any CPU
		{F9B4D74C-F770-43CA-B4AF-46D831F6561B}.Release|Any CPU.ActiveCfg = Release|Any CPU
		{F9B4D74C-F770-43CA-B4AF-46D831F6561B}.Release|Any CPU.Build.0 = Release|Any CPU
		{2062B76D-1C20-456D-ADDD-60B762098226}.Debug|Any CPU.ActiveCfg = Debug|Any CPU
		{2062B76D-1C20-456D-ADDD-60B762098226}.Debug|Any CPU.Build.0 = Debug|Any CPU
		{2062B76D-1C20-456D-ADDD-60B762098226}.Release|Any CPU.ActiveCfg = Release|Any CPU
		{2062B76D-1C20-456D-ADDD-60B762098226}.Release|Any CPU.Build.0 = Release|Any CPU
		{F87157D3-F6D1-4575-B40F-8BCC5CEAD5B0}.Debug|Any CPU.ActiveCfg = Debug|Any CPU
		{F87157D3-F6D1-4575-B40F-8BCC5CEAD5B0}.Debug|Any CPU.Build.0 = Debug|Any CPU
		{F87157D3-F6D1-4575-B40F-8BCC5CEAD5B0}.Release|Any CPU.ActiveCfg = Release|Any CPU
		{F87157D3-F6D1-4575-B40F-8BCC5CEAD5B0}.Release|Any CPU.Build.0 = Release|Any CPU
		{B4956542-4F4E-4E59-AB67-D268985BD099}.Debug|Any CPU.ActiveCfg = Debug|Any CPU
		{B4956542-4F4E-4E59-AB67-D268985BD099}.Debug|Any CPU.Build.0 = Debug|Any CPU
		{B4956542-4F4E-4E59-AB67-D268985BD099}.Release|Any CPU.ActiveCfg = Release|Any CPU
		{B4956542-4F4E-4E59-AB67-D268985BD099}.Release|Any CPU.Build.0 = Release|Any CPU
		{877911F4-C751-4429-9B78-0742DBD0360D}.Debug|Any CPU.ActiveCfg = Debug|Any CPU
		{877911F4-C751-4429-9B78-0742DBD0360D}.Debug|Any CPU.Build.0 = Debug|Any CPU
		{877911F4-C751-4429-9B78-0742DBD0360D}.Release|Any CPU.ActiveCfg = Release|Any CPU
		{877911F4-C751-4429-9B78-0742DBD0360D}.Release|Any CPU.Build.0 = Release|Any CPU
		{9D3F1DDF-7AEB-4FB8-A3EF-2537CDAE2166}.Debug|Any CPU.ActiveCfg = Debug|Any CPU
		{9D3F1DDF-7AEB-4FB8-A3EF-2537CDAE2166}.Debug|Any CPU.Build.0 = Debug|Any CPU
		{9D3F1DDF-7AEB-4FB8-A3EF-2537CDAE2166}.Release|Any CPU.ActiveCfg = Release|Any CPU
		{9D3F1DDF-7AEB-4FB8-A3EF-2537CDAE2166}.Release|Any CPU.Build.0 = Release|Any CPU
	EndGlobalSection
	GlobalSection(SolutionProperties) = preSolution
		HideSolutionNode = FALSE
	EndGlobalSection
	GlobalSection(ExtensibilityGlobals) = postSolution
		SolutionGuid = {67828252-0D17-465F-9AFB-E1476CACDFC9}
	EndGlobalSection
EndGlobal
